
Microsoft Visual Studio Solution File, Format Version 12.00
# Visual Studio Version 16
VisualStudioVersion = 16.0.29209.62
MinimumVisualStudioVersion = 10.0.40219.1
Project("{9A19103F-16F7-4668-BE54-9A1E7A4F7556}") = "FacesVkTestLoader", "FacesVkTestLoader.csproj", "{B0B0B90C-6460-4F5D-BCAB-FA004A1E3492}"
EndProject
Project("{9A19103F-16F7-4668-BE54-9A1E7A4F7556}") = "OnnxRuntimeInference", "..\OnnxRuntimeInference\OnnxRuntimeInference.csproj", "{DBDCE449-853E-4850-A518-9CBA9F8E09F1}"
EndProject
Project("{888888A0-9F3D-457C-B088-3A5042F75D52}") = "DownloadPhotoFaceDetection", "..\DownloadPhotoFaceDetection\DownloadPhotoFaceDetection.pyproj", "{20168899-924F-47A8-83CD-3F60B7267509}"
EndProject
Project("{FAE04EC0-301F-11D3-BF4B-00C04F79EFBC}") = "OpenCvDnnTestum", "..\OpenCvDnnTestum\OpenCvDnnTestum.csproj", "{857A9CB7-7271-4E61-821F-F53ACC9ABF0D}"
EndProject
Project("{888888A0-9F3D-457C-B088-3A5042F75D52}") = "TestFaced", "..\TestFaced\TestFaced.pyproj", "{6D906639-9349-41C4-9A83-D3C1B645E591}"
EndProject
Project("{2150E333-8FDC-42A3-9474-1A3956D46DE8}") = "Frida", "Frida", "{03DC0CE3-C66A-43E4-A6AB-5019F7231350}"
EndProject
Project("{2150E333-8FDC-42A3-9474-1A3956D46DE8}") = "FridaServer", "FridaServer", "{F56DFDAC-0E79-4699-AD46-6CA9FB3CE5CA}"
EndProject
Project("{2150E333-8FDC-42A3-9474-1A3956D46DE8}") = "ffmpeg", "ffmpeg", "{40A03E60-BB46-44B0-B4F8-551069F86832}"
EndProject
Project("{9A19103F-16F7-4668-BE54-9A1E7A4F7556}") = "videoFaceExtraction", "..\videoFaceExtraction\videoFaceExtraction.csproj", "{ABC55984-E553-4550-8437-69ACFDED5966}"
EndProject
Project("{2150E333-8FDC-42A3-9474-1A3956D46DE8}") = "Shared", "Shared", "{6A33D312-0F3A-4C8E-AB01-4CDB8B143BC2}"
EndProject
Project("{9A19103F-16F7-4668-BE54-9A1E7A4F7556}") = "MtCnn.Net", "..\MtCNN\MtCnn.Net.csproj", "{B633AD3D-332B-462A-AD77-6EDDC87056F1}"
EndProject
Project("{9A19103F-16F7-4668-BE54-9A1E7A4F7556}") = "Models", "..\Models\Models.csproj", "{56CF39D6-4C73-4984-8AD5-E5D06CBBBD30}"
EndProject
Project("{2150E333-8FDC-42A3-9474-1A3956D46DE8}") = "Utils", "Utils", "{EE9F0085-C0B1-42DE-B423-1543A5EFD98D}"
EndProject
Project("{9A19103F-16F7-4668-BE54-9A1E7A4F7556}") = "TurboCopy", "..\TurboCopy\TurboCopy.csproj", "{B465212E-21D1-49D5-A98B-71E04B64276F}"
EndProject
Project("{9A19103F-16F7-4668-BE54-9A1E7A4F7556}") = "ImageDownloadValidator", "..\ImageDownloadValidator\ImageDownloadValidator.csproj", "{8865CDE2-5893-4376-8A08-899232DB13A8}"
EndProject
Project("{9A19103F-16F7-4668-BE54-9A1E7A4F7556}") = "FaceInferiance", "..\FaceInferiance\FaceInferiance.csproj", "{85C69CEB-A46B-4061-950E-99496612AF93}"
EndProject
Project("{9A19103F-16F7-4668-BE54-9A1E7A4F7556}") = "GetFaceEmmbeddings", "..\GetFaceEmmbeddings\GetFaceEmmbeddings.csproj", "{18FF508E-D5FE-43B4-838C-8FF337400EBB}"
EndProject
Project("{2150E333-8FDC-42A3-9474-1A3956D46DE8}") = "PhotoProcessing", "PhotoProcessing", "{7ECB79C6-E78D-434D-8089-1056C4030750}"
EndProject
Project("{9A19103F-16F7-4668-BE54-9A1E7A4F7556}") = "ProcesFaceImageToEmmbedding", "..\ProcesFaceImageToEmmbedding\ProcesFaceImageToEmmbedding.csproj", "{3C2F59CD-9CE4-45B1-A696-7247802D182E}"
EndProject
Project("{9A19103F-16F7-4668-BE54-9A1E7A4F7556}") = "Metricum", "..\Metricum\Metricum.csproj", "{11C8A60A-DF6A-4D65-993E-878FB9364ED8}"
EndProject
Global
	GlobalSection(SolutionConfigurationPlatforms) = preSolution
		Debug|Any CPU = Debug|Any CPU
		Debug|x64 = Debug|x64
		Debug|x86 = Debug|x86
		Release|Any CPU = Release|Any CPU
		Release|x64 = Release|x64
		Release|x86 = Release|x86
	EndGlobalSection
	GlobalSection(ProjectConfigurationPlatforms) = postSolution
		{B0B0B90C-6460-4F5D-BCAB-FA004A1E3492}.Debug|Any CPU.ActiveCfg = Debug|Any CPU
		{B0B0B90C-6460-4F5D-BCAB-FA004A1E3492}.Debug|x64.ActiveCfg = Debug|Any CPU
		{B0B0B90C-6460-4F5D-BCAB-FA004A1E3492}.Debug|x86.ActiveCfg = Debug|Any CPU
		{B0B0B90C-6460-4F5D-BCAB-FA004A1E3492}.Release|Any CPU.ActiveCfg = Release|Any CPU
		{B0B0B90C-6460-4F5D-BCAB-FA004A1E3492}.Release|x64.ActiveCfg = Release|Any CPU
		{B0B0B90C-6460-4F5D-BCAB-FA004A1E3492}.Release|x86.ActiveCfg = Release|Any CPU
		{DBDCE449-853E-4850-A518-9CBA9F8E09F1}.Debug|Any CPU.ActiveCfg = Debug|Any CPU
		{DBDCE449-853E-4850-A518-9CBA9F8E09F1}.Debug|x64.ActiveCfg = Debug|Any CPU
		{DBDCE449-853E-4850-A518-9CBA9F8E09F1}.Debug|x86.ActiveCfg = Debug|Any CPU
		{DBDCE449-853E-4850-A518-9CBA9F8E09F1}.Release|Any CPU.ActiveCfg = Release|Any CPU
		{DBDCE449-853E-4850-A518-9CBA9F8E09F1}.Release|x64.ActiveCfg = Release|Any CPU
		{DBDCE449-853E-4850-A518-9CBA9F8E09F1}.Release|x86.ActiveCfg = Release|Any CPU
		{20168899-924F-47A8-83CD-3F60B7267509}.Debug|Any CPU.ActiveCfg = Debug|Any CPU
		{20168899-924F-47A8-83CD-3F60B7267509}.Debug|x64.ActiveCfg = Debug|Any CPU
		{20168899-924F-47A8-83CD-3F60B7267509}.Debug|x86.ActiveCfg = Debug|Any CPU
		{20168899-924F-47A8-83CD-3F60B7267509}.Release|Any CPU.ActiveCfg = Release|Any CPU
		{20168899-924F-47A8-83CD-3F60B7267509}.Release|x64.ActiveCfg = Release|Any CPU
		{20168899-924F-47A8-83CD-3F60B7267509}.Release|x86.ActiveCfg = Release|Any CPU
		{857A9CB7-7271-4E61-821F-F53ACC9ABF0D}.Debug|Any CPU.ActiveCfg = Debug|Any CPU
		{857A9CB7-7271-4E61-821F-F53ACC9ABF0D}.Debug|Any CPU.Build.0 = Debug|Any CPU
		{857A9CB7-7271-4E61-821F-F53ACC9ABF0D}.Debug|x64.ActiveCfg = Debug|Any CPU
		{857A9CB7-7271-4E61-821F-F53ACC9ABF0D}.Debug|x64.Build.0 = Debug|Any CPU
		{857A9CB7-7271-4E61-821F-F53ACC9ABF0D}.Debug|x86.ActiveCfg = Debug|Any CPU
		{857A9CB7-7271-4E61-821F-F53ACC9ABF0D}.Debug|x86.Build.0 = Debug|Any CPU
		{857A9CB7-7271-4E61-821F-F53ACC9ABF0D}.Release|Any CPU.ActiveCfg = Release|Any CPU
		{857A9CB7-7271-4E61-821F-F53ACC9ABF0D}.Release|Any CPU.Build.0 = Release|Any CPU
		{857A9CB7-7271-4E61-821F-F53ACC9ABF0D}.Release|x64.ActiveCfg = Release|Any CPU
		{857A9CB7-7271-4E61-821F-F53ACC9ABF0D}.Release|x64.Build.0 = Release|Any CPU
		{857A9CB7-7271-4E61-821F-F53ACC9ABF0D}.Release|x86.ActiveCfg = Release|Any CPU
		{857A9CB7-7271-4E61-821F-F53ACC9ABF0D}.Release|x86.Build.0 = Release|Any CPU
		{6D906639-9349-41C4-9A83-D3C1B645E591}.Debug|Any CPU.ActiveCfg = Debug|Any CPU
		{6D906639-9349-41C4-9A83-D3C1B645E591}.Debug|x64.ActiveCfg = Debug|Any CPU
		{6D906639-9349-41C4-9A83-D3C1B645E591}.Debug|x86.ActiveCfg = Debug|Any CPU
		{6D906639-9349-41C4-9A83-D3C1B645E591}.Release|Any CPU.ActiveCfg = Release|Any CPU
		{6D906639-9349-41C4-9A83-D3C1B645E591}.Release|x64.ActiveCfg = Release|Any CPU
		{6D906639-9349-41C4-9A83-D3C1B645E591}.Release|x86.ActiveCfg = Release|Any CPU
		{ABC55984-E553-4550-8437-69ACFDED5966}.Debug|Any CPU.ActiveCfg = Debug|Any CPU
		{ABC55984-E553-4550-8437-69ACFDED5966}.Debug|Any CPU.Build.0 = Debug|Any CPU
		{ABC55984-E553-4550-8437-69ACFDED5966}.Debug|x64.ActiveCfg = Debug|Any CPU
		{ABC55984-E553-4550-8437-69ACFDED5966}.Debug|x64.Build.0 = Debug|Any CPU
		{ABC55984-E553-4550-8437-69ACFDED5966}.Debug|x86.ActiveCfg = Debug|Any CPU
		{ABC55984-E553-4550-8437-69ACFDED5966}.Debug|x86.Build.0 = Debug|Any CPU
		{ABC55984-E553-4550-8437-69ACFDED5966}.Release|Any CPU.ActiveCfg = Release|Any CPU
		{ABC55984-E553-4550-8437-69ACFDED5966}.Release|Any CPU.Build.0 = Release|Any CPU
		{ABC55984-E553-4550-8437-69ACFDED5966}.Release|x64.ActiveCfg = Release|Any CPU
		{ABC55984-E553-4550-8437-69ACFDED5966}.Release|x64.Build.0 = Release|Any CPU
		{ABC55984-E553-4550-8437-69ACFDED5966}.Release|x86.ActiveCfg = Release|Any CPU
		{ABC55984-E553-4550-8437-69ACFDED5966}.Release|x86.Build.0 = Release|Any CPU
		{B633AD3D-332B-462A-AD77-6EDDC87056F1}.Debug|Any CPU.ActiveCfg = Debug|Any CPU
		{B633AD3D-332B-462A-AD77-6EDDC87056F1}.Debug|Any CPU.Build.0 = Debug|Any CPU
		{B633AD3D-332B-462A-AD77-6EDDC87056F1}.Debug|x64.ActiveCfg = Debug|Any CPU
		{B633AD3D-332B-462A-AD77-6EDDC87056F1}.Debug|x64.Build.0 = Debug|Any CPU
		{B633AD3D-332B-462A-AD77-6EDDC87056F1}.Debug|x86.ActiveCfg = Debug|Any CPU
		{B633AD3D-332B-462A-AD77-6EDDC87056F1}.Debug|x86.Build.0 = Debug|Any CPU
		{B633AD3D-332B-462A-AD77-6EDDC87056F1}.Release|Any CPU.ActiveCfg = Release|Any CPU
		{B633AD3D-332B-462A-AD77-6EDDC87056F1}.Release|Any CPU.Build.0 = Release|Any CPU
		{B633AD3D-332B-462A-AD77-6EDDC87056F1}.Release|x64.ActiveCfg = Release|Any CPU
		{B633AD3D-332B-462A-AD77-6EDDC87056F1}.Release|x64.Build.0 = Release|Any CPU
		{B633AD3D-332B-462A-AD77-6EDDC87056F1}.Release|x86.ActiveCfg = Release|Any CPU
		{B633AD3D-332B-462A-AD77-6EDDC87056F1}.Release|x86.Build.0 = Release|Any CPU
		{56CF39D6-4C73-4984-8AD5-E5D06CBBBD30}.Debug|Any CPU.ActiveCfg = Debug|Any CPU
		{56CF39D6-4C73-4984-8AD5-E5D06CBBBD30}.Debug|Any CPU.Build.0 = Debug|Any CPU
		{56CF39D6-4C73-4984-8AD5-E5D06CBBBD30}.Debug|x64.ActiveCfg = Debug|Any CPU
		{56CF39D6-4C73-4984-8AD5-E5D06CBBBD30}.Debug|x64.Build.0 = Debug|Any CPU
		{56CF39D6-4C73-4984-8AD5-E5D06CBBBD30}.Debug|x86.ActiveCfg = Debug|Any CPU
		{56CF39D6-4C73-4984-8AD5-E5D06CBBBD30}.Debug|x86.Build.0 = Debug|Any CPU
		{56CF39D6-4C73-4984-8AD5-E5D06CBBBD30}.Release|Any CPU.ActiveCfg = Release|Any CPU
		{56CF39D6-4C73-4984-8AD5-E5D06CBBBD30}.Release|Any CPU.Build.0 = Release|Any CPU
		{56CF39D6-4C73-4984-8AD5-E5D06CBBBD30}.Release|x64.ActiveCfg = Release|Any CPU
		{56CF39D6-4C73-4984-8AD5-E5D06CBBBD30}.Release|x64.Build.0 = Release|Any CPU
		{56CF39D6-4C73-4984-8AD5-E5D06CBBBD30}.Release|x86.ActiveCfg = Release|Any CPU
		{56CF39D6-4C73-4984-8AD5-E5D06CBBBD30}.Release|x86.Build.0 = Release|Any CPU
		{B465212E-21D1-49D5-A98B-71E04B64276F}.Debug|Any CPU.ActiveCfg = Debug|Any CPU
		{B465212E-21D1-49D5-A98B-71E04B64276F}.Debug|Any CPU.Build.0 = Debug|Any CPU
		{B465212E-21D1-49D5-A98B-71E04B64276F}.Debug|x64.ActiveCfg = Debug|Any CPU
		{B465212E-21D1-49D5-A98B-71E04B64276F}.Debug|x64.Build.0 = Debug|Any CPU
		{B465212E-21D1-49D5-A98B-71E04B64276F}.Debug|x86.ActiveCfg = Debug|Any CPU
		{B465212E-21D1-49D5-A98B-71E04B64276F}.Debug|x86.Build.0 = Debug|Any CPU
		{B465212E-21D1-49D5-A98B-71E04B64276F}.Release|Any CPU.ActiveCfg = Release|Any CPU
		{B465212E-21D1-49D5-A98B-71E04B64276F}.Release|Any CPU.Build.0 = Release|Any CPU
		{B465212E-21D1-49D5-A98B-71E04B64276F}.Release|x64.ActiveCfg = Release|Any CPU
		{B465212E-21D1-49D5-A98B-71E04B64276F}.Release|x64.Build.0 = Release|Any CPU
		{B465212E-21D1-49D5-A98B-71E04B64276F}.Release|x86.ActiveCfg = Release|Any CPU
		{B465212E-21D1-49D5-A98B-71E04B64276F}.Release|x86.Build.0 = Release|Any CPU
		{8865CDE2-5893-4376-8A08-899232DB13A8}.Debug|Any CPU.ActiveCfg = Debug|Any CPU
		{8865CDE2-5893-4376-8A08-899232DB13A8}.Debug|Any CPU.Build.0 = Debug|Any CPU
		{8865CDE2-5893-4376-8A08-899232DB13A8}.Debug|x64.ActiveCfg = Debug|Any CPU
		{8865CDE2-5893-4376-8A08-899232DB13A8}.Debug|x64.Build.0 = Debug|Any CPU
		{8865CDE2-5893-4376-8A08-899232DB13A8}.Debug|x86.ActiveCfg = Debug|Any CPU
		{8865CDE2-5893-4376-8A08-899232DB13A8}.Debug|x86.Build.0 = Debug|Any CPU
		{8865CDE2-5893-4376-8A08-899232DB13A8}.Release|Any CPU.ActiveCfg = Release|Any CPU
		{8865CDE2-5893-4376-8A08-899232DB13A8}.Release|Any CPU.Build.0 = Release|Any CPU
		{8865CDE2-5893-4376-8A08-899232DB13A8}.Release|x64.ActiveCfg = Release|Any CPU
		{8865CDE2-5893-4376-8A08-899232DB13A8}.Release|x64.Build.0 = Release|Any CPU
		{8865CDE2-5893-4376-8A08-899232DB13A8}.Release|x86.ActiveCfg = Release|Any CPU
		{8865CDE2-5893-4376-8A08-899232DB13A8}.Release|x86.Build.0 = Release|Any CPU
		{85C69CEB-A46B-4061-950E-99496612AF93}.Debug|Any CPU.ActiveCfg = Debug|Any CPU
		{85C69CEB-A46B-4061-950E-99496612AF93}.Debug|Any CPU.Build.0 = Debug|Any CPU
		{85C69CEB-A46B-4061-950E-99496612AF93}.Debug|x64.ActiveCfg = Debug|Any CPU
		{85C69CEB-A46B-4061-950E-99496612AF93}.Debug|x64.Build.0 = Debug|Any CPU
		{85C69CEB-A46B-4061-950E-99496612AF93}.Debug|x86.ActiveCfg = Debug|Any CPU
		{85C69CEB-A46B-4061-950E-99496612AF93}.Debug|x86.Build.0 = Debug|Any CPU
		{85C69CEB-A46B-4061-950E-99496612AF93}.Release|Any CPU.ActiveCfg = Release|Any CPU
		{85C69CEB-A46B-4061-950E-99496612AF93}.Release|Any CPU.Build.0 = Release|Any CPU
		{85C69CEB-A46B-4061-950E-99496612AF93}.Release|x64.ActiveCfg = Release|Any CPU
		{85C69CEB-A46B-4061-950E-99496612AF93}.Release|x64.Build.0 = Release|Any CPU
		{85C69CEB-A46B-4061-950E-99496612AF93}.Release|x86.ActiveCfg = Release|Any CPU
		{85C69CEB-A46B-4061-950E-99496612AF93}.Release|x86.Build.0 = Release|Any CPU
		{18FF508E-D5FE-43B4-838C-8FF337400EBB}.Debug|Any CPU.ActiveCfg = Debug|Any CPU
		{18FF508E-D5FE-43B4-838C-8FF337400EBB}.Debug|Any CPU.Build.0 = Debug|Any CPU
		{18FF508E-D5FE-43B4-838C-8FF337400EBB}.Debug|x64.ActiveCfg = Debug|Any CPU
		{18FF508E-D5FE-43B4-838C-8FF337400EBB}.Debug|x64.Build.0 = Debug|Any CPU
		{18FF508E-D5FE-43B4-838C-8FF337400EBB}.Debug|x86.ActiveCfg = Debug|Any CPU
		{18FF508E-D5FE-43B4-838C-8FF337400EBB}.Debug|x86.Build.0 = Debug|Any CPU
		{18FF508E-D5FE-43B4-838C-8FF337400EBB}.Release|Any CPU.ActiveCfg = Release|Any CPU
		{18FF508E-D5FE-43B4-838C-8FF337400EBB}.Release|Any CPU.Build.0 = Release|Any CPU
		{18FF508E-D5FE-43B4-838C-8FF337400EBB}.Release|x64.ActiveCfg = Release|Any CPU
		{18FF508E-D5FE-43B4-838C-8FF337400EBB}.Release|x64.Build.0 = Release|Any CPU
		{18FF508E-D5FE-43B4-838C-8FF337400EBB}.Release|x86.ActiveCfg = Release|Any CPU
		{18FF508E-D5FE-43B4-838C-8FF337400EBB}.Release|x86.Build.0 = Release|Any CPU
		{3C2F59CD-9CE4-45B1-A696-7247802D182E}.Debug|Any CPU.ActiveCfg = Debug|Any CPU
		{3C2F59CD-9CE4-45B1-A696-7247802D182E}.Debug|Any CPU.Build.0 = Debug|Any CPU
		{3C2F59CD-9CE4-45B1-A696-7247802D182E}.Debug|x64.ActiveCfg = Debug|Any CPU
		{3C2F59CD-9CE4-45B1-A696-7247802D182E}.Debug|x64.Build.0 = Debug|Any CPU
		{3C2F59CD-9CE4-45B1-A696-7247802D182E}.Debug|x86.ActiveCfg = Debug|Any CPU
		{3C2F59CD-9CE4-45B1-A696-7247802D182E}.Debug|x86.Build.0 = Debug|Any CPU
		{3C2F59CD-9CE4-45B1-A696-7247802D182E}.Release|Any CPU.ActiveCfg = Release|Any CPU
		{3C2F59CD-9CE4-45B1-A696-7247802D182E}.Release|Any CPU.Build.0 = Release|Any CPU
		{3C2F59CD-9CE4-45B1-A696-7247802D182E}.Release|x64.ActiveCfg = Release|Any CPU
		{3C2F59CD-9CE4-45B1-A696-7247802D182E}.Release|x64.Build.0 = Release|Any CPU
		{3C2F59CD-9CE4-45B1-A696-7247802D182E}.Release|x86.ActiveCfg = Release|Any CPU
		{3C2F59CD-9CE4-45B1-A696-7247802D182E}.Release|x86.Build.0 = Release|Any CPU
		{11C8A60A-DF6A-4D65-993E-878FB9364ED8}.Debug|Any CPU.ActiveCfg = Debug|Any CPU
		{11C8A60A-DF6A-4D65-993E-878FB9364ED8}.Debug|Any CPU.Build.0 = Debug|Any CPU
		{11C8A60A-DF6A-4D65-993E-878FB9364ED8}.Debug|x64.ActiveCfg = Debug|Any CPU
		{11C8A60A-DF6A-4D65-993E-878FB9364ED8}.Debug|x64.Build.0 = Debug|Any CPU
		{11C8A60A-DF6A-4D65-993E-878FB9364ED8}.Debug|x86.ActiveCfg = Debug|Any CPU
		{11C8A60A-DF6A-4D65-993E-878FB9364ED8}.Debug|x86.Build.0 = Debug|Any CPU
		{11C8A60A-DF6A-4D65-993E-878FB9364ED8}.Release|Any CPU.ActiveCfg = Release|Any CPU
		{11C8A60A-DF6A-4D65-993E-878FB9364ED8}.Release|Any CPU.Build.0 = Release|Any CPU
		{11C8A60A-DF6A-4D65-993E-878FB9364ED8}.Release|x64.ActiveCfg = Release|Any CPU
		{11C8A60A-DF6A-4D65-993E-878FB9364ED8}.Release|x64.Build.0 = Release|Any CPU
		{11C8A60A-DF6A-4D65-993E-878FB9364ED8}.Release|x86.ActiveCfg = Release|Any CPU
		{11C8A60A-DF6A-4D65-993E-878FB9364ED8}.Release|x86.Build.0 = Release|Any CPU
	EndGlobalSection
	GlobalSection(SolutionProperties) = preSolution
		HideSolutionNode = FALSE
	EndGlobalSection
	GlobalSection(NestedProjects) = preSolution
		{F56DFDAC-0E79-4699-AD46-6CA9FB3CE5CA} = {03DC0CE3-C66A-43E4-A6AB-5019F7231350}
		{ABC55984-E553-4550-8437-69ACFDED5966} = {40A03E60-BB46-44B0-B4F8-551069F86832}
		{B633AD3D-332B-462A-AD77-6EDDC87056F1} = {6A33D312-0F3A-4C8E-AB01-4CDB8B143BC2}
		{56CF39D6-4C73-4984-8AD5-E5D06CBBBD30} = {6A33D312-0F3A-4C8E-AB01-4CDB8B143BC2}
		{B465212E-21D1-49D5-A98B-71E04B64276F} = {EE9F0085-C0B1-42DE-B423-1543A5EFD98D}
		{85C69CEB-A46B-4061-950E-99496612AF93} = {6A33D312-0F3A-4C8E-AB01-4CDB8B143BC2}
		{18FF508E-D5FE-43B4-838C-8FF337400EBB} = {EE9F0085-C0B1-42DE-B423-1543A5EFD98D}
		{3C2F59CD-9CE4-45B1-A696-7247802D182E} = {7ECB79C6-E78D-434D-8089-1056C4030750}
		{11C8A60A-DF6A-4D65-993E-878FB9364ED8} = {6A33D312-0F3A-4C8E-AB01-4CDB8B143BC2}
	EndGlobalSection
	GlobalSection(ExtensibilityGlobals) = postSolution
		SolutionGuid = {FC4E2E1A-336F-49E1-8913-739BED677632}
	EndGlobalSection
EndGlobal
